
Microsoft Visual Studio Solution File, Format Version 12.00
# Visual Studio Version 17
VisualStudioVersion = 17.4.33213.308
MinimumVisualStudioVersion = 10.0.40219.1
Project("{FAE04EC0-301F-11D3-BF4B-00C04F79EFBC}") = "CybEmptrackersystem", "CybEmptrackersystem.csproj", "{22B18BFE-76FF-4487-BC06-30E824E85937}"
EndProject
Project("{FAE04EC0-301F-11D3-BF4B-00C04F79EFBC}") = "CybEmptrackersystem.Tests", "..\CybEmptrackersystem.Tests\CybEmptrackersystem.Tests.csproj", "{335EC421-BC33-4084-9F3C-81162C55D23E}"
EndProject
Global
	GlobalSection(SolutionConfigurationPlatforms) = preSolution
		Debug|Any CPU = Debug|Any CPU
		Release|Any CPU = Release|Any CPU
	EndGlobalSection
	GlobalSection(ProjectConfigurationPlatforms) = postSolution
		{22B18BFE-76FF-4487-BC06-30E824E85937}.Debug|Any CPU.ActiveCfg = Debug|Any CPU
		{22B18BFE-76FF-4487-BC06-30E824E85937}.Debug|Any CPU.Build.0 = Debug|Any CPU
		{22B18BFE-76FF-4487-BC06-30E824E85937}.Release|Any CPU.ActiveCfg = Release|Any CPU
		{22B18BFE-76FF-4487-BC06-30E824E85937}.Release|Any CPU.Build.0 = Release|Any CPU
		{335EC421-BC33-4084-9F3C-81162C55D23E}.Debug|Any CPU.ActiveCfg = Debug|Any CPU
		{335EC421-BC33-4084-9F3C-81162C55D23E}.Debug|Any CPU.Build.0 = Debug|Any CPU
		{335EC421-BC33-4084-9F3C-81162C55D23E}.Release|Any CPU.ActiveCfg = Release|Any CPU
		{335EC421-BC33-4084-9F3C-81162C55D23E}.Release|Any CPU.Build.0 = Release|Any CPU
	EndGlobalSection
	GlobalSection(SolutionProperties) = preSolution
		HideSolutionNode = FALSE
	EndGlobalSection
	GlobalSection(ExtensibilityGlobals) = postSolution
		SolutionGuid = {9B8F40C0-565A-4F93-B706-2BACE0BE9E55}
	EndGlobalSection
EndGlobal
