
Microsoft Visual Studio Solution File, Format Version 12.00
# Visual Studio Version 17
VisualStudioVersion = 17.4.33213.308
MinimumVisualStudioVersion = 10.0.40219.1
Project("{FAE04EC0-301F-11D3-BF4B-00C04F79EFBC}") = "CybageEmployeeSystem", "CybageEmployeeSystem.csproj", "{CA3DDC72-54AF-4DAD-89DA-7A9A77269A23}"
EndProject
Project("{FAE04EC0-301F-11D3-BF4B-00C04F79EFBC}") = "CybageEmployeeSystem.Tests", "..\CybageEmployeeSystem.Tests\CybageEmployeeSystem.Tests.csproj", "{98784ED0-9CD0-478D-BDC1-DE01092423FE}"
EndProject
Global
	GlobalSection(SolutionConfigurationPlatforms) = preSolution
		Debug|Any CPU = Debug|Any CPU
		Release|Any CPU = Release|Any CPU
	EndGlobalSection
	GlobalSection(ProjectConfigurationPlatforms) = postSolution
		{CA3DDC72-54AF-4DAD-89DA-7A9A77269A23}.Debug|Any CPU.ActiveCfg = Debug|Any CPU
		{CA3DDC72-54AF-4DAD-89DA-7A9A77269A23}.Debug|Any CPU.Build.0 = Debug|Any CPU
		{CA3DDC72-54AF-4DAD-89DA-7A9A77269A23}.Release|Any CPU.ActiveCfg = Release|Any CPU
		{CA3DDC72-54AF-4DAD-89DA-7A9A77269A23}.Release|Any CPU.Build.0 = Release|Any CPU
		{98784ED0-9CD0-478D-BDC1-DE01092423FE}.Debug|Any CPU.ActiveCfg = Debug|Any CPU
		{98784ED0-9CD0-478D-BDC1-DE01092423FE}.Debug|Any CPU.Build.0 = Debug|Any CPU
		{98784ED0-9CD0-478D-BDC1-DE01092423FE}.Release|Any CPU.ActiveCfg = Release|Any CPU
		{98784ED0-9CD0-478D-BDC1-DE01092423FE}.Release|Any CPU.Build.0 = Release|Any CPU
	EndGlobalSection
	GlobalSection(SolutionProperties) = preSolution
		HideSolutionNode = FALSE
	EndGlobalSection
	GlobalSection(ExtensibilityGlobals) = postSolution
		SolutionGuid = {49A37995-51A4-4069-9A87-05285F35F05E}
	EndGlobalSection
EndGlobal
